
Microsoft Visual Studio Solution File, Format Version 12.00
# Visual Studio 14
VisualStudioVersion = 14.0.22310.1
MinimumVisualStudioVersion = 10.0.40219.1
Project("{FAE04EC0-301F-11D3-BF4B-00C04F79EFBC}") = "UnrealProjectTemplate", "UnrealProjectTemplate.csproj", "{360C4460-1CC4-417D-8582-710FAC2B1C94}"
EndProject
Project("{FAE04EC0-301F-11D3-BF4B-00C04F79EFBC}") = "UE4TemplateProject", "UE4TemplateProject\UE4TemplateProject.csproj", "{AEFF0418-7D9C-464E-83F4-04090F342EB5}"
EndProject
Project("{FAE04EC0-301F-11D3-BF4B-00C04F79EFBC}") = "WizardAssembly", "WizardAssembly\WizardAssembly.csproj", "{599760D3-B9EC-4F5F-AB1A-0793BDFADBFD}"
EndProject
Global
	GlobalSection(SolutionConfigurationPlatforms) = preSolution
		Debug|Any CPU = Debug|Any CPU
		Release|Any CPU = Release|Any CPU
	EndGlobalSection
	GlobalSection(ProjectConfigurationPlatforms) = postSolution
		{360C4460-1CC4-417D-8582-710FAC2B1C94}.Debug|Any CPU.ActiveCfg = Debug|Any CPU
		{360C4460-1CC4-417D-8582-710FAC2B1C94}.Debug|Any CPU.Build.0 = Debug|Any CPU
		{360C4460-1CC4-417D-8582-710FAC2B1C94}.Release|Any CPU.ActiveCfg = Release|Any CPU
		{360C4460-1CC4-417D-8582-710FAC2B1C94}.Release|Any CPU.Build.0 = Release|Any CPU
		{AEFF0418-7D9C-464E-83F4-04090F342EB5}.Debug|Any CPU.ActiveCfg = Debug|Any CPU
		{AEFF0418-7D9C-464E-83F4-04090F342EB5}.Debug|Any CPU.Build.0 = Debug|Any CPU
		{AEFF0418-7D9C-464E-83F4-04090F342EB5}.Release|Any CPU.ActiveCfg = Release|Any CPU
		{AEFF0418-7D9C-464E-83F4-04090F342EB5}.Release|Any CPU.Build.0 = Release|Any CPU
		{599760D3-B9EC-4F5F-AB1A-0793BDFADBFD}.Debug|Any CPU.ActiveCfg = Debug|Any CPU
		{599760D3-B9EC-4F5F-AB1A-0793BDFADBFD}.Debug|Any CPU.Build.0 = Debug|Any CPU
		{599760D3-B9EC-4F5F-AB1A-0793BDFADBFD}.Release|Any CPU.ActiveCfg = Release|Any CPU
		{599760D3-B9EC-4F5F-AB1A-0793BDFADBFD}.Release|Any CPU.Build.0 = Release|Any CPU
	EndGlobalSection
	GlobalSection(SolutionProperties) = preSolution
		HideSolutionNode = FALSE
	EndGlobalSection
EndGlobal
