
Microsoft Visual Studio Solution File, Format Version 12.00
# Visual Studio 14
VisualStudioVersion = 14.0.25420.1
MinimumVisualStudioVersion = 10.0.40219.1
Project("{8BC9CEB8-8B4A-11D0-8D11-00A0C91BC942}") = "UnrealUSDWrapper", "Source\UnrealUSDWrapper.vcxproj", "{3E8E365E-E809-433D-B475-18D264EF970F}"
EndProject
Project("{8BC9CEB8-8B4A-11D0-8D11-00A0C91BC942}") = "UsdWrapperTest", "..\UsdWrapperTest\UsdWrapperTest.vcxproj", "{D1672511-E17D-4CE4-8E55-7987A19866C3}"
	ProjectSection(ProjectDependencies) = postProject
		{3E8E365E-E809-433D-B475-18D264EF970F} = {3E8E365E-E809-433D-B475-18D264EF970F}
	EndProjectSection
EndProject
Global
	GlobalSection(SolutionConfigurationPlatforms) = preSolution
		Debug|x64 = Debug|x64
		Debug|x86 = Debug|x86
		DebugStatic|x64 = DebugStatic|x64
		DebugStatic|x86 = DebugStatic|x86
		Release|x64 = Release|x64
		Release|x86 = Release|x86
		ReleaseStatic|x64 = ReleaseStatic|x64
		ReleaseStatic|x86 = ReleaseStatic|x86
	EndGlobalSection
	GlobalSection(ProjectConfigurationPlatforms) = postSolution
		{3E8E365E-E809-433D-B475-18D264EF970F}.Debug|x64.ActiveCfg = Debug|x64
		{3E8E365E-E809-433D-B475-18D264EF970F}.Debug|x64.Build.0 = Debug|x64
		{3E8E365E-E809-433D-B475-18D264EF970F}.Debug|x86.ActiveCfg = Debug|Win32
		{3E8E365E-E809-433D-B475-18D264EF970F}.Debug|x86.Build.0 = Debug|Win32
		{3E8E365E-E809-433D-B475-18D264EF970F}.DebugStatic|x64.ActiveCfg = DebugStatic|x64
		{3E8E365E-E809-433D-B475-18D264EF970F}.DebugStatic|x64.Build.0 = DebugStatic|x64
		{3E8E365E-E809-433D-B475-18D264EF970F}.DebugStatic|x86.ActiveCfg = DebugStatic|Win32
		{3E8E365E-E809-433D-B475-18D264EF970F}.DebugStatic|x86.Build.0 = DebugStatic|Win32
		{3E8E365E-E809-433D-B475-18D264EF970F}.Release|x64.ActiveCfg = Release|x64
		{3E8E365E-E809-433D-B475-18D264EF970F}.Release|x64.Build.0 = Release|x64
		{3E8E365E-E809-433D-B475-18D264EF970F}.Release|x86.ActiveCfg = Release|Win32
		{3E8E365E-E809-433D-B475-18D264EF970F}.Release|x86.Build.0 = Release|Win32
		{3E8E365E-E809-433D-B475-18D264EF970F}.ReleaseStatic|x64.ActiveCfg = ReleaseStatic|x64
		{3E8E365E-E809-433D-B475-18D264EF970F}.ReleaseStatic|x64.Build.0 = ReleaseStatic|x64
		{3E8E365E-E809-433D-B475-18D264EF970F}.ReleaseStatic|x86.ActiveCfg = ReleaseStatic|Win32
		{3E8E365E-E809-433D-B475-18D264EF970F}.ReleaseStatic|x86.Build.0 = ReleaseStatic|Win32
		{D1672511-E17D-4CE4-8E55-7987A19866C3}.Debug|x64.ActiveCfg = Debug|x64
		{D1672511-E17D-4CE4-8E55-7987A19866C3}.Debug|x64.Build.0 = Debug|x64
		{D1672511-E17D-4CE4-8E55-7987A19866C3}.Debug|x86.ActiveCfg = Debug|Win32
		{D1672511-E17D-4CE4-8E55-7987A19866C3}.Debug|x86.Build.0 = Debug|Win32
		{D1672511-E17D-4CE4-8E55-7987A19866C3}.DebugStatic|x64.ActiveCfg = Debug|x64
		{D1672511-E17D-4CE4-8E55-7987A19866C3}.DebugStatic|x64.Build.0 = Debug|x64
		{D1672511-E17D-4CE4-8E55-7987A19866C3}.DebugStatic|x86.ActiveCfg = Debug|Win32
		{D1672511-E17D-4CE4-8E55-7987A19866C3}.DebugStatic|x86.Build.0 = Debug|Win32
		{D1672511-E17D-4CE4-8E55-7987A19866C3}.Release|x64.ActiveCfg = Release|x64
		{D1672511-E17D-4CE4-8E55-7987A19866C3}.Release|x64.Build.0 = Release|x64
		{D1672511-E17D-4CE4-8E55-7987A19866C3}.Release|x86.ActiveCfg = Release|Win32
		{D1672511-E17D-4CE4-8E55-7987A19866C3}.Release|x86.Build.0 = Release|Win32
		{D1672511-E17D-4CE4-8E55-7987A19866C3}.ReleaseStatic|x64.ActiveCfg = Release|x64
		{D1672511-E17D-4CE4-8E55-7987A19866C3}.ReleaseStatic|x64.Build.0 = Release|x64
		{D1672511-E17D-4CE4-8E55-7987A19866C3}.ReleaseStatic|x86.ActiveCfg = Release|Win32
		{D1672511-E17D-4CE4-8E55-7987A19866C3}.ReleaseStatic|x86.Build.0 = Release|Win32
	EndGlobalSection
	GlobalSection(SolutionProperties) = preSolution
		HideSolutionNode = FALSE
	EndGlobalSection
EndGlobal
