
Microsoft Visual Studio Solution File, Format Version 12.00
# Visual Studio 2013
VisualStudioVersion = 12.0.30825.0
MinimumVisualStudioVersion = 10.0.40219.1
Project("{FAE04EC0-301F-11D3-BF4B-00C04F79EFBC}") = "SwarmInterface", "SwarmInterface.csproj", "{C210B773-10D1-45AD-8F4C-543C9F8A3D7C}"
EndProject
Global
	GlobalSection(SolutionConfigurationPlatforms) = preSolution
		Debug|Any CPU = Debug|Any CPU
		Development|Any CPU = Development|Any CPU
	EndGlobalSection
	GlobalSection(ProjectConfigurationPlatforms) = postSolution
		{C210B773-10D1-45AD-8F4C-543C9F8A3D7C}.Debug|Any CPU.ActiveCfg = Debug|Any CPU
		{C210B773-10D1-45AD-8F4C-543C9F8A3D7C}.Debug|Any CPU.Build.0 = Debug|Any CPU
		{C210B773-10D1-45AD-8F4C-543C9F8A3D7C}.Development|Any CPU.ActiveCfg = Development|Any CPU
		{C210B773-10D1-45AD-8F4C-543C9F8A3D7C}.Development|Any CPU.Build.0 = Development|Any CPU
	EndGlobalSection
	GlobalSection(SolutionProperties) = preSolution
		HideSolutionNode = FALSE
	EndGlobalSection
EndGlobal
