
Microsoft Visual Studio Solution File, Format Version 12.00
# Visual Studio 2013
VisualStudioVersion = 12.0.30501.0
MinimumVisualStudioVersion = 10.0.40219.1
Project("{FAE04EC0-301F-11D3-BF4B-00C04F79EFBC}") = "Agent", "Agent\Agent.csproj", "{F5352283-246B-42B4-9A35-92121BDE8652}"
EndProject
Project("{FAE04EC0-301F-11D3-BF4B-00C04F79EFBC}") = "SwarmCoordinator", "SwarmCoordinator\SwarmCoordinator.csproj", "{FA3182A3-4755-4E12-863E-EF51D637342E}"
EndProject
Project("{FAE04EC0-301F-11D3-BF4B-00C04F79EFBC}") = "SwarmCoordinatorInterface", "SwarmCoordinatorInterface\SwarmCoordinatorInterface.csproj", "{4C299DD0-B968-49F2-894A-9F115C369E72}"
EndProject
Project("{FAE04EC0-301F-11D3-BF4B-00C04F79EFBC}") = "AgentInterface", "AgentInterface\AgentInterface.csproj", "{6F18ADAC-2619-4C81-B80F-22927E56CA47}"
EndProject
Project("{FAE04EC0-301F-11D3-BF4B-00C04F79EFBC}") = "UnrealControls", "..\UnrealControls\UnrealControls.csproj", "{8F079097-3724-4B31-AD3B-0A5B76C26376}"
EndProject
Project("{FAE04EC0-301F-11D3-BF4B-00C04F79EFBC}") = "SwarmCommonUtils", "SwarmCommonUtils\SwarmCommonUtils.csproj", "{65521250-B022-442F-B961-3AF5ADA02083}"
EndProject
Global
	GlobalSection(SolutionConfigurationPlatforms) = preSolution
		Debug|Any CPU = Debug|Any CPU
		Debug|Mixed Platforms = Debug|Mixed Platforms
		Debug|Win32 = Debug|Win32
		Debug|x64 = Debug|x64
		Development|Any CPU = Development|Any CPU
		Development|Mixed Platforms = Development|Mixed Platforms
		Development|Win32 = Development|Win32
		Development|x64 = Development|x64
	EndGlobalSection
	GlobalSection(ProjectConfigurationPlatforms) = postSolution
		{F5352283-246B-42B4-9A35-92121BDE8652}.Debug|Any CPU.ActiveCfg = Debug|Any CPU
		{F5352283-246B-42B4-9A35-92121BDE8652}.Debug|Any CPU.Build.0 = Debug|Any CPU
		{F5352283-246B-42B4-9A35-92121BDE8652}.Debug|Mixed Platforms.ActiveCfg = Debug|Any CPU
		{F5352283-246B-42B4-9A35-92121BDE8652}.Debug|Mixed Platforms.Build.0 = Debug|Any CPU
		{F5352283-246B-42B4-9A35-92121BDE8652}.Debug|Win32.ActiveCfg = Debug|Any CPU
		{F5352283-246B-42B4-9A35-92121BDE8652}.Debug|Win32.Build.0 = Debug|Any CPU
		{F5352283-246B-42B4-9A35-92121BDE8652}.Debug|x64.ActiveCfg = Debug|Any CPU
		{F5352283-246B-42B4-9A35-92121BDE8652}.Debug|x64.Build.0 = Debug|Any CPU
		{F5352283-246B-42B4-9A35-92121BDE8652}.Development|Any CPU.ActiveCfg = Development|Any CPU
		{F5352283-246B-42B4-9A35-92121BDE8652}.Development|Any CPU.Build.0 = Development|Any CPU
		{F5352283-246B-42B4-9A35-92121BDE8652}.Development|Mixed Platforms.ActiveCfg = Development|Any CPU
		{F5352283-246B-42B4-9A35-92121BDE8652}.Development|Mixed Platforms.Build.0 = Development|Any CPU
		{F5352283-246B-42B4-9A35-92121BDE8652}.Development|Win32.ActiveCfg = Development|Any CPU
		{F5352283-246B-42B4-9A35-92121BDE8652}.Development|x64.ActiveCfg = Development|Any CPU
		{FA3182A3-4755-4E12-863E-EF51D637342E}.Debug|Any CPU.ActiveCfg = Debug|Any CPU
		{FA3182A3-4755-4E12-863E-EF51D637342E}.Debug|Any CPU.Build.0 = Debug|Any CPU
		{FA3182A3-4755-4E12-863E-EF51D637342E}.Debug|Mixed Platforms.ActiveCfg = Debug|Any CPU
		{FA3182A3-4755-4E12-863E-EF51D637342E}.Debug|Mixed Platforms.Build.0 = Debug|Any CPU
		{FA3182A3-4755-4E12-863E-EF51D637342E}.Debug|Win32.ActiveCfg = Debug|Any CPU
		{FA3182A3-4755-4E12-863E-EF51D637342E}.Debug|Win32.Build.0 = Debug|Any CPU
		{FA3182A3-4755-4E12-863E-EF51D637342E}.Debug|x64.ActiveCfg = Debug|Any CPU
		{FA3182A3-4755-4E12-863E-EF51D637342E}.Debug|x64.Build.0 = Debug|Any CPU
		{FA3182A3-4755-4E12-863E-EF51D637342E}.Development|Any CPU.ActiveCfg = Development|Any CPU
		{FA3182A3-4755-4E12-863E-EF51D637342E}.Development|Any CPU.Build.0 = Development|Any CPU
		{FA3182A3-4755-4E12-863E-EF51D637342E}.Development|Mixed Platforms.ActiveCfg = Development|Any CPU
		{FA3182A3-4755-4E12-863E-EF51D637342E}.Development|Mixed Platforms.Build.0 = Development|Any CPU
		{FA3182A3-4755-4E12-863E-EF51D637342E}.Development|Win32.ActiveCfg = Development|Any CPU
		{FA3182A3-4755-4E12-863E-EF51D637342E}.Development|x64.ActiveCfg = Development|Any CPU
		{4C299DD0-B968-49F2-894A-9F115C369E72}.Debug|Any CPU.ActiveCfg = Debug|Any CPU
		{4C299DD0-B968-49F2-894A-9F115C369E72}.Debug|Any CPU.Build.0 = Debug|Any CPU
		{4C299DD0-B968-49F2-894A-9F115C369E72}.Debug|Mixed Platforms.ActiveCfg = Debug|Any CPU
		{4C299DD0-B968-49F2-894A-9F115C369E72}.Debug|Mixed Platforms.Build.0 = Debug|Any CPU
		{4C299DD0-B968-49F2-894A-9F115C369E72}.Debug|Win32.ActiveCfg = Debug|Any CPU
		{4C299DD0-B968-49F2-894A-9F115C369E72}.Debug|Win32.Build.0 = Debug|Any CPU
		{4C299DD0-B968-49F2-894A-9F115C369E72}.Debug|x64.ActiveCfg = Debug|Any CPU
		{4C299DD0-B968-49F2-894A-9F115C369E72}.Debug|x64.Build.0 = Debug|Any CPU
		{4C299DD0-B968-49F2-894A-9F115C369E72}.Development|Any CPU.ActiveCfg = Development|Any CPU
		{4C299DD0-B968-49F2-894A-9F115C369E72}.Development|Any CPU.Build.0 = Development|Any CPU
		{4C299DD0-B968-49F2-894A-9F115C369E72}.Development|Mixed Platforms.ActiveCfg = Development|Any CPU
		{4C299DD0-B968-49F2-894A-9F115C369E72}.Development|Mixed Platforms.Build.0 = Development|Any CPU
		{4C299DD0-B968-49F2-894A-9F115C369E72}.Development|Win32.ActiveCfg = Development|Any CPU
		{4C299DD0-B968-49F2-894A-9F115C369E72}.Development|x64.ActiveCfg = Development|Any CPU
		{6F18ADAC-2619-4C81-B80F-22927E56CA47}.Debug|Any CPU.ActiveCfg = Debug|Any CPU
		{6F18ADAC-2619-4C81-B80F-22927E56CA47}.Debug|Any CPU.Build.0 = Debug|Any CPU
		{6F18ADAC-2619-4C81-B80F-22927E56CA47}.Debug|Mixed Platforms.ActiveCfg = Debug|Any CPU
		{6F18ADAC-2619-4C81-B80F-22927E56CA47}.Debug|Mixed Platforms.Build.0 = Debug|Any CPU
		{6F18ADAC-2619-4C81-B80F-22927E56CA47}.Debug|Win32.ActiveCfg = Debug|Any CPU
		{6F18ADAC-2619-4C81-B80F-22927E56CA47}.Debug|Win32.Build.0 = Debug|Any CPU
		{6F18ADAC-2619-4C81-B80F-22927E56CA47}.Debug|x64.ActiveCfg = Debug|Any CPU
		{6F18ADAC-2619-4C81-B80F-22927E56CA47}.Debug|x64.Build.0 = Debug|Any CPU
		{6F18ADAC-2619-4C81-B80F-22927E56CA47}.Development|Any CPU.ActiveCfg = Development|Any CPU
		{6F18ADAC-2619-4C81-B80F-22927E56CA47}.Development|Any CPU.Build.0 = Development|Any CPU
		{6F18ADAC-2619-4C81-B80F-22927E56CA47}.Development|Mixed Platforms.ActiveCfg = Development|Any CPU
		{6F18ADAC-2619-4C81-B80F-22927E56CA47}.Development|Mixed Platforms.Build.0 = Development|Any CPU
		{6F18ADAC-2619-4C81-B80F-22927E56CA47}.Development|Win32.ActiveCfg = Development|Any CPU
		{6F18ADAC-2619-4C81-B80F-22927E56CA47}.Development|Win32.Build.0 = Development|Any CPU
		{6F18ADAC-2619-4C81-B80F-22927E56CA47}.Development|x64.ActiveCfg = Development|Any CPU
		{8F079097-3724-4B31-AD3B-0A5B76C26376}.Debug|Any CPU.ActiveCfg = Debug|Any CPU
		{8F079097-3724-4B31-AD3B-0A5B76C26376}.Debug|Any CPU.Build.0 = Debug|Any CPU
		{8F079097-3724-4B31-AD3B-0A5B76C26376}.Debug|Mixed Platforms.ActiveCfg = Debug|Any CPU
		{8F079097-3724-4B31-AD3B-0A5B76C26376}.Debug|Mixed Platforms.Build.0 = Debug|Any CPU
		{8F079097-3724-4B31-AD3B-0A5B76C26376}.Debug|Win32.ActiveCfg = Debug|Any CPU
		{8F079097-3724-4B31-AD3B-0A5B76C26376}.Debug|Win32.Build.0 = Debug|Any CPU
		{8F079097-3724-4B31-AD3B-0A5B76C26376}.Debug|x64.ActiveCfg = Debug|Any CPU
		{8F079097-3724-4B31-AD3B-0A5B76C26376}.Debug|x64.Build.0 = Debug|Any CPU
		{8F079097-3724-4B31-AD3B-0A5B76C26376}.Development|Any CPU.ActiveCfg = Development|Any CPU
		{8F079097-3724-4B31-AD3B-0A5B76C26376}.Development|Any CPU.Build.0 = Development|Any CPU
		{8F079097-3724-4B31-AD3B-0A5B76C26376}.Development|Mixed Platforms.ActiveCfg = Development|Any CPU
		{8F079097-3724-4B31-AD3B-0A5B76C26376}.Development|Mixed Platforms.Build.0 = Development|Any CPU
		{8F079097-3724-4B31-AD3B-0A5B76C26376}.Development|Win32.ActiveCfg = Development|Any CPU
		{8F079097-3724-4B31-AD3B-0A5B76C26376}.Development|x64.ActiveCfg = Development|Any CPU
		{65521250-B022-442F-B961-3AF5ADA02083}.Debug|Any CPU.ActiveCfg = Debug|Any CPU
		{65521250-B022-442F-B961-3AF5ADA02083}.Debug|Any CPU.Build.0 = Debug|Any CPU
		{65521250-B022-442F-B961-3AF5ADA02083}.Debug|Mixed Platforms.ActiveCfg = Debug|Any CPU
		{65521250-B022-442F-B961-3AF5ADA02083}.Debug|Mixed Platforms.Build.0 = Debug|Any CPU
		{65521250-B022-442F-B961-3AF5ADA02083}.Debug|Win32.ActiveCfg = Debug|Any CPU
		{65521250-B022-442F-B961-3AF5ADA02083}.Debug|x64.ActiveCfg = Debug|Any CPU
		{65521250-B022-442F-B961-3AF5ADA02083}.Development|Any CPU.ActiveCfg = Debug|Any CPU
		{65521250-B022-442F-B961-3AF5ADA02083}.Development|Any CPU.Build.0 = Debug|Any CPU
		{65521250-B022-442F-B961-3AF5ADA02083}.Development|Mixed Platforms.ActiveCfg = Development|Any CPU
		{65521250-B022-442F-B961-3AF5ADA02083}.Development|Mixed Platforms.Build.0 = Development|Any CPU
		{65521250-B022-442F-B961-3AF5ADA02083}.Development|Win32.ActiveCfg = Debug|Any CPU
		{65521250-B022-442F-B961-3AF5ADA02083}.Development|x64.ActiveCfg = Debug|Any CPU
	EndGlobalSection
	GlobalSection(SolutionProperties) = preSolution
		HideSolutionNode = FALSE
	EndGlobalSection
	GlobalSection(MonoDevelopProperties) = preSolution
		StartupItem = Agent\Agent.csproj
	EndGlobalSection
EndGlobal
