
Microsoft Visual Studio Solution File, Format Version 12.00
# Visual Studio 2012
Project("{FAE04EC0-301F-11D3-BF4B-00C04F79EFBC}") = "AutomationTool", "AutomationTool.csproj", "{A35B0261-D868-475E-A098-EB14CE6DC89F}"
EndProject
Project("{FAE04EC0-301F-11D3-BF4B-00C04F79EFBC}") = "DotNETUtilities", "..\DotNETCommon\DotNETUtilities\DotNETUtilities.csproj", "{5D7D66E8-8C76-4AF9-B3EC-2EF03421D730}"
EndProject
Project("{FAE04EC0-301F-11D3-BF4B-00C04F79EFBC}") = "UnrealBuildTool", "..\UnrealBuildTool\UnrealBuildTool.csproj", "{FD7C5E1A-CFE4-4FD5-A525-1EB1599A39AC}"
EndProject
Project("{2150E333-8FDC-42A3-9474-1A3956D46DE8}") = "Automation", "Automation", "{70851749-ABB7-40AA-88DB-352E648B6581}"
EndProject
Project("{FAE04EC0-301F-11D3-BF4B-00C04F79EFBC}") = "Android.Automation", "Android\Android.Automation.csproj", "{32E3A47E-359A-4F78-AE6C-703B87DE0B97}"
EndProject
Project("{FAE04EC0-301F-11D3-BF4B-00C04F79EFBC}") = "HTML5.Automation", "HTML5\HTML5.Automation.csproj", "{90FF4220-1CAE-4CCA-BBF6-7AAAED069F03}"
EndProject
Project("{FAE04EC0-301F-11D3-BF4B-00C04F79EFBC}") = "IOS.Automation", "IOS\IOS.Automation.csproj", "{E1F1261F-DA95-41BD-80C1-60FBE0D37D22}"
EndProject
Project("{FAE04EC0-301F-11D3-BF4B-00C04F79EFBC}") = "Linux.Automation", "Linux\Linux.Automation.csproj", "{EC395254-405B-4030-92CE-E346CC50848D}"
EndProject
Project("{FAE04EC0-301F-11D3-BF4B-00C04F79EFBC}") = "Mac.Automation", "Mac\Mac.Automation.csproj", "{16778681-DAB8-46A4-89F6-927796467995}"
EndProject
Project("{FAE04EC0-301F-11D3-BF4B-00C04F79EFBC}") = "Win.Automation", "Win\Win.Automation.csproj", "{6F6F8E5B-53CA-4C9F-A696-96AA9B8FB128}"
EndProject
Project("{FAE04EC0-301F-11D3-BF4B-00C04F79EFBC}") = "AutomationScripts.Automation", "Scripts\AutomationScripts.Automation.csproj", "{8AA00D65-0954-4A27-AC0D-FB8B1106120F}"
EndProject
Project("{FAE04EC0-301F-11D3-BF4B-00C04F79EFBC}") = "AutomationUtils.Automation", "AutomationUtils\AutomationUtils.Automation.csproj", "{2C96A7F2-B1A3-4258-8E0A-E588FF41A53E}"
EndProject
Project("{FAE04EC0-301F-11D3-BF4B-00C04F79EFBC}") = "TVOS.Automation", "TVOS\TVOS.Automation.csproj", "{E1F1261F-DA95-41BD-81C1-61FBE1D37D22}"
EndProject
Project("{FAE04EC0-301F-11D3-BF4B-00C04F79EFBC}") = "BuildGraph.Automation", "BuildGraph\BuildGraph.Automation.csproj", "{A002361E-37F9-4124-AF82-CF0D393CB928}"
EndProject
Project("{FAE04EC0-301F-11D3-BF4B-00C04F79EFBC}") = "AllDesktop.Automation", "AllDesktop\AllDesktop.Automation.csproj", "{A9CD1A06-764A-4C53-86CE-2F34B94F0283}"
EndProject
Project("{FAE04EC0-301F-11D3-BF4B-00C04F79EFBC}") = "OneSkyLocalization.Automation", "OneSkyLocalization\OneSkyLocalization.Automation.csproj", "{39369368-5603-46DA-BAAE-766BB3CB2B51}"
EndProject
Project("{FAE04EC0-301F-11D3-BF4B-00C04F79EFBC}") = "Localization.Automation", "Localization\Localization.Automation.csproj", "{C2F959B1-1727-4598-9C32-3D9ACCE72750}"
EndProject
Global
	GlobalSection(SolutionConfigurationPlatforms) = preSolution
		Debug|Any CPU = Debug|Any CPU
		Debug|Mixed Platforms = Debug|Mixed Platforms
		Debug|x86 = Debug|x86
		Release|Any CPU = Release|Any CPU
		Release|Mixed Platforms = Release|Mixed Platforms
		Release|x86 = Release|x86
		Development|Any CPU = Development|Any CPU
	EndGlobalSection
	GlobalSection(ProjectConfigurationPlatforms) = postSolution
		{16778681-DAB8-46A4-89F6-927796467995}.Debug|Any CPU.ActiveCfg = Debug|Any CPU
		{16778681-DAB8-46A4-89F6-927796467995}.Debug|Any CPU.Build.0 = Debug|Any CPU
		{16778681-DAB8-46A4-89F6-927796467995}.Debug|Mixed Platforms.ActiveCfg = Debug|Any CPU
		{16778681-DAB8-46A4-89F6-927796467995}.Debug|Mixed Platforms.Build.0 = Debug|Any CPU
		{16778681-DAB8-46A4-89F6-927796467995}.Debug|x86.ActiveCfg = Debug|Any CPU
		{16778681-DAB8-46A4-89F6-927796467995}.Debug|x86.Build.0 = Debug|Any CPU
		{16778681-DAB8-46A4-89F6-927796467995}.Development|Any CPU.ActiveCfg = Development|Any CPU
		{16778681-DAB8-46A4-89F6-927796467995}.Development|Any CPU.Build.0 = Development|Any CPU
		{16778681-DAB8-46A4-89F6-927796467995}.Release|Any CPU.ActiveCfg = Debug|Any CPU
		{16778681-DAB8-46A4-89F6-927796467995}.Release|Any CPU.Build.0 = Debug|Any CPU
		{16778681-DAB8-46A4-89F6-927796467995}.Release|Mixed Platforms.ActiveCfg = Debug|Any CPU
		{16778681-DAB8-46A4-89F6-927796467995}.Release|Mixed Platforms.Build.0 = Debug|Any CPU
		{16778681-DAB8-46A4-89F6-927796467995}.Release|x86.ActiveCfg = Debug|Any CPU
		{16778681-DAB8-46A4-89F6-927796467995}.Release|x86.Build.0 = Debug|Any CPU
		{32E3A47E-359A-4F78-AE6C-703B87DE0B97}.Debug|Any CPU.ActiveCfg = Debug|Any CPU
		{32E3A47E-359A-4F78-AE6C-703B87DE0B97}.Debug|Any CPU.Build.0 = Debug|Any CPU
		{32E3A47E-359A-4F78-AE6C-703B87DE0B97}.Debug|Mixed Platforms.ActiveCfg = Debug|Any CPU
		{32E3A47E-359A-4F78-AE6C-703B87DE0B97}.Debug|Mixed Platforms.Build.0 = Debug|Any CPU
		{32E3A47E-359A-4F78-AE6C-703B87DE0B97}.Debug|x86.ActiveCfg = Debug|Any CPU
		{32E3A47E-359A-4F78-AE6C-703B87DE0B97}.Debug|x86.Build.0 = Debug|Any CPU
		{32E3A47E-359A-4F78-AE6C-703B87DE0B97}.Development|Any CPU.ActiveCfg = Development|Any CPU
		{32E3A47E-359A-4F78-AE6C-703B87DE0B97}.Development|Any CPU.Build.0 = Development|Any CPU
		{32E3A47E-359A-4F78-AE6C-703B87DE0B97}.Release|Any CPU.ActiveCfg = Debug|Any CPU
		{32E3A47E-359A-4F78-AE6C-703B87DE0B97}.Release|Any CPU.Build.0 = Debug|Any CPU
		{32E3A47E-359A-4F78-AE6C-703B87DE0B97}.Release|Mixed Platforms.ActiveCfg = Debug|Any CPU
		{32E3A47E-359A-4F78-AE6C-703B87DE0B97}.Release|Mixed Platforms.Build.0 = Debug|Any CPU
		{32E3A47E-359A-4F78-AE6C-703B87DE0B97}.Release|x86.ActiveCfg = Debug|Any CPU
		{32E3A47E-359A-4F78-AE6C-703B87DE0B97}.Release|x86.Build.0 = Debug|Any CPU
		{5D7D66E8-8C76-4AF9-B3EC-2EF03421D730}.Debug|Any CPU.ActiveCfg = Debug|Any CPU
		{5D7D66E8-8C76-4AF9-B3EC-2EF03421D730}.Debug|Any CPU.Build.0 = Debug|Any CPU
		{5D7D66E8-8C76-4AF9-B3EC-2EF03421D730}.Debug|Mixed Platforms.ActiveCfg = Debug|Any CPU
		{5D7D66E8-8C76-4AF9-B3EC-2EF03421D730}.Debug|Mixed Platforms.Build.0 = Debug|Any CPU
		{5D7D66E8-8C76-4AF9-B3EC-2EF03421D730}.Debug|x86.ActiveCfg = Debug|Any CPU
		{5D7D66E8-8C76-4AF9-B3EC-2EF03421D730}.Debug|x86.Build.0 = Debug|Any CPU
		{5D7D66E8-8C76-4AF9-B3EC-2EF03421D730}.Development|Any CPU.ActiveCfg = Development|Any CPU
		{5D7D66E8-8C76-4AF9-B3EC-2EF03421D730}.Development|Any CPU.Build.0 = Development|Any CPU
		{5D7D66E8-8C76-4AF9-B3EC-2EF03421D730}.Release|Any CPU.ActiveCfg = Debug|Any CPU
		{5D7D66E8-8C76-4AF9-B3EC-2EF03421D730}.Release|Any CPU.Build.0 = Debug|Any CPU
		{5D7D66E8-8C76-4AF9-B3EC-2EF03421D730}.Release|Mixed Platforms.ActiveCfg = Debug|Any CPU
		{5D7D66E8-8C76-4AF9-B3EC-2EF03421D730}.Release|Mixed Platforms.Build.0 = Debug|Any CPU
		{5D7D66E8-8C76-4AF9-B3EC-2EF03421D730}.Release|x86.ActiveCfg = Debug|Any CPU
		{5D7D66E8-8C76-4AF9-B3EC-2EF03421D730}.Release|x86.Build.0 = Debug|Any CPU
		{6F6F8E5B-53CA-4C9F-A696-96AA9B8FB128}.Debug|Any CPU.ActiveCfg = Debug|Any CPU
		{6F6F8E5B-53CA-4C9F-A696-96AA9B8FB128}.Debug|Any CPU.Build.0 = Debug|Any CPU
		{6F6F8E5B-53CA-4C9F-A696-96AA9B8FB128}.Debug|Mixed Platforms.ActiveCfg = Debug|Any CPU
		{6F6F8E5B-53CA-4C9F-A696-96AA9B8FB128}.Debug|Mixed Platforms.Build.0 = Debug|Any CPU
		{6F6F8E5B-53CA-4C9F-A696-96AA9B8FB128}.Debug|x86.ActiveCfg = Debug|Any CPU
		{6F6F8E5B-53CA-4C9F-A696-96AA9B8FB128}.Debug|x86.Build.0 = Debug|Any CPU
		{6F6F8E5B-53CA-4C9F-A696-96AA9B8FB128}.Development|Any CPU.ActiveCfg = Development|Any CPU
		{6F6F8E5B-53CA-4C9F-A696-96AA9B8FB128}.Development|Any CPU.Build.0 = Development|Any CPU
		{6F6F8E5B-53CA-4C9F-A696-96AA9B8FB128}.Release|Any CPU.ActiveCfg = Debug|Any CPU
		{6F6F8E5B-53CA-4C9F-A696-96AA9B8FB128}.Release|Any CPU.Build.0 = Debug|Any CPU
		{6F6F8E5B-53CA-4C9F-A696-96AA9B8FB128}.Release|Mixed Platforms.ActiveCfg = Debug|Any CPU
		{6F6F8E5B-53CA-4C9F-A696-96AA9B8FB128}.Release|Mixed Platforms.Build.0 = Debug|Any CPU
		{6F6F8E5B-53CA-4C9F-A696-96AA9B8FB128}.Release|x86.ActiveCfg = Debug|Any CPU
		{6F6F8E5B-53CA-4C9F-A696-96AA9B8FB128}.Release|x86.Build.0 = Debug|Any CPU
		{8AA00D65-0954-4A27-AC0D-FB8B1106120F}.Debug|Any CPU.ActiveCfg = Debug|Any CPU
		{8AA00D65-0954-4A27-AC0D-FB8B1106120F}.Debug|Any CPU.Build.0 = Debug|Any CPU
		{8AA00D65-0954-4A27-AC0D-FB8B1106120F}.Debug|Mixed Platforms.ActiveCfg = Debug|Any CPU
		{8AA00D65-0954-4A27-AC0D-FB8B1106120F}.Debug|Mixed Platforms.Build.0 = Debug|Any CPU
		{8AA00D65-0954-4A27-AC0D-FB8B1106120F}.Debug|x86.ActiveCfg = Debug|Any CPU
		{8AA00D65-0954-4A27-AC0D-FB8B1106120F}.Debug|x86.Build.0 = Debug|Any CPU
		{8AA00D65-0954-4A27-AC0D-FB8B1106120F}.Development|Any CPU.ActiveCfg = Development|Any CPU
		{8AA00D65-0954-4A27-AC0D-FB8B1106120F}.Development|Any CPU.Build.0 = Development|Any CPU
		{8AA00D65-0954-4A27-AC0D-FB8B1106120F}.Release|Any CPU.ActiveCfg = Debug|Any CPU
		{8AA00D65-0954-4A27-AC0D-FB8B1106120F}.Release|Any CPU.Build.0 = Debug|Any CPU
		{8AA00D65-0954-4A27-AC0D-FB8B1106120F}.Release|Mixed Platforms.ActiveCfg = Debug|Any CPU
		{8AA00D65-0954-4A27-AC0D-FB8B1106120F}.Release|Mixed Platforms.Build.0 = Debug|Any CPU
		{8AA00D65-0954-4A27-AC0D-FB8B1106120F}.Release|x86.ActiveCfg = Debug|Any CPU
		{8AA00D65-0954-4A27-AC0D-FB8B1106120F}.Release|x86.Build.0 = Debug|Any CPU
		{90FF4220-1CAE-4CCA-BBF6-7AAAED069F03}.Debug|Any CPU.ActiveCfg = Debug|Any CPU
		{90FF4220-1CAE-4CCA-BBF6-7AAAED069F03}.Debug|Any CPU.Build.0 = Debug|Any CPU
		{90FF4220-1CAE-4CCA-BBF6-7AAAED069F03}.Debug|Mixed Platforms.ActiveCfg = Debug|Any CPU
		{90FF4220-1CAE-4CCA-BBF6-7AAAED069F03}.Debug|Mixed Platforms.Build.0 = Debug|Any CPU
		{90FF4220-1CAE-4CCA-BBF6-7AAAED069F03}.Debug|x86.ActiveCfg = Debug|Any CPU
		{90FF4220-1CAE-4CCA-BBF6-7AAAED069F03}.Debug|x86.Build.0 = Debug|Any CPU
		{90FF4220-1CAE-4CCA-BBF6-7AAAED069F03}.Development|Any CPU.ActiveCfg = Development|Any CPU
		{90FF4220-1CAE-4CCA-BBF6-7AAAED069F03}.Development|Any CPU.Build.0 = Development|Any CPU
		{90FF4220-1CAE-4CCA-BBF6-7AAAED069F03}.Release|Any CPU.ActiveCfg = Debug|Any CPU
		{90FF4220-1CAE-4CCA-BBF6-7AAAED069F03}.Release|Any CPU.Build.0 = Debug|Any CPU
		{90FF4220-1CAE-4CCA-BBF6-7AAAED069F03}.Release|Mixed Platforms.ActiveCfg = Debug|Any CPU
		{90FF4220-1CAE-4CCA-BBF6-7AAAED069F03}.Release|Mixed Platforms.Build.0 = Debug|Any CPU
		{90FF4220-1CAE-4CCA-BBF6-7AAAED069F03}.Release|x86.ActiveCfg = Debug|Any CPU
		{90FF4220-1CAE-4CCA-BBF6-7AAAED069F03}.Release|x86.Build.0 = Debug|Any CPU
		{A35B0261-D868-475E-A098-EB14CE6DC89F}.Debug|Any CPU.ActiveCfg = Debug|x86
		{A35B0261-D868-475E-A098-EB14CE6DC89F}.Debug|Any CPU.Build.0 = Debug|x86
		{A35B0261-D868-475E-A098-EB14CE6DC89F}.Debug|Mixed Platforms.ActiveCfg = Debug|x86
		{A35B0261-D868-475E-A098-EB14CE6DC89F}.Debug|Mixed Platforms.Build.0 = Debug|x86
		{A35B0261-D868-475E-A098-EB14CE6DC89F}.Debug|x86.ActiveCfg = Debug|x86
		{A35B0261-D868-475E-A098-EB14CE6DC89F}.Debug|x86.Build.0 = Debug|x86
		{A35B0261-D868-475E-A098-EB14CE6DC89F}.Development|Any CPU.ActiveCfg = Development|Any CPU
		{A35B0261-D868-475E-A098-EB14CE6DC89F}.Development|Any CPU.Build.0 = Development|Any CPU
		{A35B0261-D868-475E-A098-EB14CE6DC89F}.Release|Any CPU.ActiveCfg = Release|x86
		{A35B0261-D868-475E-A098-EB14CE6DC89F}.Release|Mixed Platforms.ActiveCfg = Release|x86
		{A35B0261-D868-475E-A098-EB14CE6DC89F}.Release|Mixed Platforms.Build.0 = Release|x86
		{A35B0261-D868-475E-A098-EB14CE6DC89F}.Release|x86.ActiveCfg = Release|x86
		{A35B0261-D868-475E-A098-EB14CE6DC89F}.Release|x86.Build.0 = Release|x86
		{E1F1261F-DA95-41BD-80C1-60FBE0D37D22}.Debug|Any CPU.ActiveCfg = Debug|Any CPU
		{E1F1261F-DA95-41BD-80C1-60FBE0D37D22}.Debug|Any CPU.Build.0 = Debug|Any CPU
		{E1F1261F-DA95-41BD-80C1-60FBE0D37D22}.Debug|Mixed Platforms.ActiveCfg = Debug|Any CPU
		{E1F1261F-DA95-41BD-80C1-60FBE0D37D22}.Debug|Mixed Platforms.Build.0 = Debug|Any CPU
		{E1F1261F-DA95-41BD-80C1-60FBE0D37D22}.Debug|x86.ActiveCfg = Debug|Any CPU
		{E1F1261F-DA95-41BD-80C1-60FBE0D37D22}.Debug|x86.Build.0 = Debug|Any CPU
		{E1F1261F-DA95-41BD-80C1-60FBE0D37D22}.Development|Any CPU.ActiveCfg = Development|Any CPU
		{E1F1261F-DA95-41BD-80C1-60FBE0D37D22}.Development|Any CPU.Build.0 = Development|Any CPU
		{E1F1261F-DA95-41BD-80C1-60FBE0D37D22}.Release|Any CPU.ActiveCfg = Debug|Any CPU
		{E1F1261F-DA95-41BD-80C1-60FBE0D37D22}.Release|Any CPU.Build.0 = Debug|Any CPU
		{E1F1261F-DA95-41BD-80C1-60FBE0D37D22}.Release|Mixed Platforms.ActiveCfg = Debug|Any CPU
		{E1F1261F-DA95-41BD-80C1-60FBE0D37D22}.Release|Mixed Platforms.Build.0 = Debug|Any CPU
		{E1F1261F-DA95-41BD-80C1-60FBE0D37D22}.Release|x86.ActiveCfg = Debug|Any CPU
		{E1F1261F-DA95-41BD-80C1-60FBE0D37D22}.Release|x86.Build.0 = Debug|Any CPU
		{EC395254-405B-4030-92CE-E346CC50848D}.Debug|Any CPU.ActiveCfg = Debug|Any CPU
		{EC395254-405B-4030-92CE-E346CC50848D}.Debug|Any CPU.Build.0 = Debug|Any CPU
		{EC395254-405B-4030-92CE-E346CC50848D}.Debug|Mixed Platforms.ActiveCfg = Debug|Any CPU
		{EC395254-405B-4030-92CE-E346CC50848D}.Debug|Mixed Platforms.Build.0 = Debug|Any CPU
		{EC395254-405B-4030-92CE-E346CC50848D}.Debug|x86.ActiveCfg = Debug|Any CPU
		{EC395254-405B-4030-92CE-E346CC50848D}.Debug|x86.Build.0 = Debug|Any CPU
		{EC395254-405B-4030-92CE-E346CC50848D}.Development|Any CPU.ActiveCfg = Development|Any CPU
		{EC395254-405B-4030-92CE-E346CC50848D}.Development|Any CPU.Build.0 = Development|Any CPU
		{EC395254-405B-4030-92CE-E346CC50848D}.Release|Any CPU.ActiveCfg = Debug|Any CPU
		{EC395254-405B-4030-92CE-E346CC50848D}.Release|Any CPU.Build.0 = Debug|Any CPU
		{EC395254-405B-4030-92CE-E346CC50848D}.Release|Mixed Platforms.ActiveCfg = Debug|Any CPU
		{EC395254-405B-4030-92CE-E346CC50848D}.Release|Mixed Platforms.Build.0 = Debug|Any CPU
		{EC395254-405B-4030-92CE-E346CC50848D}.Release|x86.ActiveCfg = Debug|Any CPU
		{EC395254-405B-4030-92CE-E346CC50848D}.Release|x86.Build.0 = Debug|Any CPU
		{FD7C5E1A-CFE4-4FD5-A525-1EB1599A39AC}.Debug|Any CPU.ActiveCfg = Debug|Any CPU
		{FD7C5E1A-CFE4-4FD5-A525-1EB1599A39AC}.Debug|Any CPU.Build.0 = Debug|Any CPU
		{FD7C5E1A-CFE4-4FD5-A525-1EB1599A39AC}.Debug|Mixed Platforms.ActiveCfg = Debug|Any CPU
		{FD7C5E1A-CFE4-4FD5-A525-1EB1599A39AC}.Debug|Mixed Platforms.Build.0 = Debug|Any CPU
		{FD7C5E1A-CFE4-4FD5-A525-1EB1599A39AC}.Debug|x86.ActiveCfg = Debug|Any CPU
		{FD7C5E1A-CFE4-4FD5-A525-1EB1599A39AC}.Debug|x86.Build.0 = Debug|Any CPU
		{FD7C5E1A-CFE4-4FD5-A525-1EB1599A39AC}.Development|Any CPU.ActiveCfg = Development|Any CPU
		{FD7C5E1A-CFE4-4FD5-A525-1EB1599A39AC}.Development|Any CPU.Build.0 = Development|Any CPU
		{FD7C5E1A-CFE4-4FD5-A525-1EB1599A39AC}.Release|Any CPU.ActiveCfg = Debug|Any CPU
		{FD7C5E1A-CFE4-4FD5-A525-1EB1599A39AC}.Release|Any CPU.Build.0 = Debug|Any CPU
		{FD7C5E1A-CFE4-4FD5-A525-1EB1599A39AC}.Release|Mixed Platforms.ActiveCfg = Debug|Any CPU
		{FD7C5E1A-CFE4-4FD5-A525-1EB1599A39AC}.Release|Mixed Platforms.Build.0 = Debug|Any CPU
		{FD7C5E1A-CFE4-4FD5-A525-1EB1599A39AC}.Release|x86.ActiveCfg = Debug|Any CPU
		{FD7C5E1A-CFE4-4FD5-A525-1EB1599A39AC}.Release|x86.Build.0 = Debug|Any CPU
		{2C96A7F2-B1A3-4258-8E0A-E588FF41A53E}.Debug|Any CPU.ActiveCfg = Debug|Any CPU
		{2C96A7F2-B1A3-4258-8E0A-E588FF41A53E}.Debug|Any CPU.Build.0 = Debug|Any CPU
		{2C96A7F2-B1A3-4258-8E0A-E588FF41A53E}.Debug|Mixed Platforms.ActiveCfg = Debug|Any CPU
		{2C96A7F2-B1A3-4258-8E0A-E588FF41A53E}.Debug|Mixed Platforms.Build.0 = Debug|Any CPU
		{2C96A7F2-B1A3-4258-8E0A-E588FF41A53E}.Debug|x86.ActiveCfg = Debug|Any CPU
		{2C96A7F2-B1A3-4258-8E0A-E588FF41A53E}.Debug|x86.Build.0 = Debug|Any CPU
		{2C96A7F2-B1A3-4258-8E0A-E588FF41A53E}.Development|Any CPU.ActiveCfg = Development|Any CPU
		{2C96A7F2-B1A3-4258-8E0A-E588FF41A53E}.Development|Any CPU.Build.0 = Development|Any CPU
		{2C96A7F2-B1A3-4258-8E0A-E588FF41A53E}.Release|Any CPU.ActiveCfg = Debug|Any CPU
		{2C96A7F2-B1A3-4258-8E0A-E588FF41A53E}.Release|Any CPU.Build.0 = Debug|Any CPU
		{2C96A7F2-B1A3-4258-8E0A-E588FF41A53E}.Release|Mixed Platforms.ActiveCfg = Debug|Any CPU
		{2C96A7F2-B1A3-4258-8E0A-E588FF41A53E}.Release|Mixed Platforms.Build.0 = Debug|Any CPU
		{2C96A7F2-B1A3-4258-8E0A-E588FF41A53E}.Release|x86.ActiveCfg = Debug|Any CPU
		{2C96A7F2-B1A3-4258-8E0A-E588FF41A53E}.Release|x86.Build.0 = Debug|Any CPU
		{E1F1261F-DA95-41BD-81C1-61FBE1D37D22}.Debug|Any CPU.ActiveCfg = Debug|Any CPU
		{E1F1261F-DA95-41BD-81C1-61FBE1D37D22}.Debug|Any CPU.Build.0 = Debug|Any CPU
		{E1F1261F-DA95-41BD-81C1-61FBE1D37D22}.Debug|Mixed Platforms.ActiveCfg = Debug|Any CPU
		{E1F1261F-DA95-41BD-81C1-61FBE1D37D22}.Debug|Mixed Platforms.Build.0 = Debug|Any CPU
		{E1F1261F-DA95-41BD-81C1-61FBE1D37D22}.Debug|x86.ActiveCfg = Debug|Any CPU
		{E1F1261F-DA95-41BD-81C1-61FBE1D37D22}.Debug|x86.Build.0 = Debug|Any CPU
		{E1F1261F-DA95-41BD-81C1-61FBE1D37D22}.Development|Any CPU.ActiveCfg = Development|Any CPU
		{E1F1261F-DA95-41BD-81C1-61FBE1D37D22}.Development|Any CPU.Build.0 = Development|Any CPU
		{E1F1261F-DA95-41BD-81C1-61FBE1D37D22}.Release|Any CPU.ActiveCfg = Debug|Any CPU
		{E1F1261F-DA95-41BD-81C1-61FBE1D37D22}.Release|Any CPU.Build.0 = Debug|Any CPU
		{E1F1261F-DA95-41BD-81C1-61FBE1D37D22}.Release|Mixed Platforms.ActiveCfg = Debug|Any CPU
		{E1F1261F-DA95-41BD-81C1-61FBE1D37D22}.Release|Mixed Platforms.Build.0 = Debug|Any CPU
		{E1F1261F-DA95-41BD-81C1-61FBE1D37D22}.Release|x86.ActiveCfg = Debug|Any CPU
		{E1F1261F-DA95-41BD-81C1-61FBE1D37D22}.Release|x86.Build.0 = Debug|Any CPU
		{A9CD1A06-764A-4C53-86CE-2F34B94F0283}.Debug|Any CPU.ActiveCfg = Debug|Any CPU
		{A9CD1A06-764A-4C53-86CE-2F34B94F0283}.Debug|Any CPU.Build.0 = Debug|Any CPU
		{A9CD1A06-764A-4C53-86CE-2F34B94F0283}.Debug|Mixed Platforms.ActiveCfg = Debug|Any CPU
		{A9CD1A06-764A-4C53-86CE-2F34B94F0283}.Debug|Mixed Platforms.Build.0 = Debug|Any CPU
		{A9CD1A06-764A-4C53-86CE-2F34B94F0283}.Debug|x86.ActiveCfg = Debug|Any CPU
		{A9CD1A06-764A-4C53-86CE-2F34B94F0283}.Debug|x86.Build.0 = Debug|Any CPU
		{A9CD1A06-764A-4C53-86CE-2F34B94F0283}.Release|Any CPU.ActiveCfg = Debug|Any CPU
		{A9CD1A06-764A-4C53-86CE-2F34B94F0283}.Release|Any CPU.Build.0 = Debug|Any CPU
		{A9CD1A06-764A-4C53-86CE-2F34B94F0283}.Release|Mixed Platforms.ActiveCfg = Debug|Any CPU
		{A9CD1A06-764A-4C53-86CE-2F34B94F0283}.Release|Mixed Platforms.Build.0 = Debug|Any CPU
		{A9CD1A06-764A-4C53-86CE-2F34B94F0283}.Release|x86.ActiveCfg = Debug|Any CPU
		{A9CD1A06-764A-4C53-86CE-2F34B94F0283}.Release|x86.Build.0 = Debug|Any CPU
		{A9CD1A06-764A-4C53-86CE-2F34B94F0283}.Development|Any CPU.ActiveCfg = Development|Any CPU
		{A9CD1A06-764A-4C53-86CE-2F34B94F0283}.Development|Any CPU.Build.0 = Development|Any CPU
		{A002361E-37F9-4124-AF82-CF0D393CB928}.Development|Any CPU.ActiveCfg = Development|Any CPU
		{A002361E-37F9-4124-AF82-CF0D393CB928}.Development|Any CPU.Build.0 = Development|Any CPU
		{39369368-5603-46DA-BAAE-766BB3CB2B51}.Debug|Any CPU.ActiveCfg = Debug|Any CPU
		{39369368-5603-46DA-BAAE-766BB3CB2B51}.Debug|Any CPU.Build.0 = Debug|Any CPU
		{39369368-5603-46DA-BAAE-766BB3CB2B51}.Debug|Mixed Platforms.ActiveCfg = Debug|Any CPU
		{39369368-5603-46DA-BAAE-766BB3CB2B51}.Debug|Mixed Platforms.Build.0 = Debug|Any CPU
		{39369368-5603-46DA-BAAE-766BB3CB2B51}.Debug|x86.ActiveCfg = Debug|Any CPU
		{39369368-5603-46DA-BAAE-766BB3CB2B51}.Debug|x86.Build.0 = Debug|Any CPU
		{39369368-5603-46DA-BAAE-766BB3CB2B51}.Release|Any CPU.ActiveCfg = Debug|Any CPU
		{39369368-5603-46DA-BAAE-766BB3CB2B51}.Release|Any CPU.Build.0 = Debug|Any CPU
		{39369368-5603-46DA-BAAE-766BB3CB2B51}.Release|Mixed Platforms.ActiveCfg = Debug|Any CPU
		{39369368-5603-46DA-BAAE-766BB3CB2B51}.Release|Mixed Platforms.Build.0 = Debug|Any CPU
		{39369368-5603-46DA-BAAE-766BB3CB2B51}.Release|x86.ActiveCfg = Debug|Any CPU
		{39369368-5603-46DA-BAAE-766BB3CB2B51}.Release|x86.Build.0 = Debug|Any CPU
		{39369368-5603-46DA-BAAE-766BB3CB2B51}.Development|Any CPU.ActiveCfg = Development|Any CPU
		{39369368-5603-46DA-BAAE-766BB3CB2B51}.Development|Any CPU.Build.0 = Development|Any CPU
		{C2F959B1-1727-4598-9C32-3D9ACCE72750}.Debug|Any CPU.ActiveCfg = Debug|Any CPU
		{C2F959B1-1727-4598-9C32-3D9ACCE72750}.Debug|Any CPU.Build.0 = Debug|Any CPU
		{C2F959B1-1727-4598-9C32-3D9ACCE72750}.Debug|Mixed Platforms.ActiveCfg = Debug|Any CPU
		{C2F959B1-1727-4598-9C32-3D9ACCE72750}.Debug|Mixed Platforms.Build.0 = Debug|Any CPU
		{C2F959B1-1727-4598-9C32-3D9ACCE72750}.Debug|x86.ActiveCfg = Debug|Any CPU
		{C2F959B1-1727-4598-9C32-3D9ACCE72750}.Debug|x86.Build.0 = Debug|Any CPU
		{C2F959B1-1727-4598-9C32-3D9ACCE72750}.Release|Any CPU.ActiveCfg = Debug|Any CPU
		{C2F959B1-1727-4598-9C32-3D9ACCE72750}.Release|Any CPU.Build.0 = Debug|Any CPU
		{C2F959B1-1727-4598-9C32-3D9ACCE72750}.Release|Mixed Platforms.ActiveCfg = Debug|Any CPU
		{C2F959B1-1727-4598-9C32-3D9ACCE72750}.Release|Mixed Platforms.Build.0 = Debug|Any CPU
		{C2F959B1-1727-4598-9C32-3D9ACCE72750}.Release|x86.ActiveCfg = Debug|Any CPU
		{C2F959B1-1727-4598-9C32-3D9ACCE72750}.Release|x86.Build.0 = Debug|Any CPU
		{C2F959B1-1727-4598-9C32-3D9ACCE72750}.Development|Any CPU.ActiveCfg = Development|Any CPU
		{C2F959B1-1727-4598-9C32-3D9ACCE72750}.Development|Any CPU.Build.0 = Development|Any CPU
	EndGlobalSection
	GlobalSection(NestedProjects) = preSolution
		{32E3A47E-359A-4F78-AE6C-703B87DE0B97} = {70851749-ABB7-40AA-88DB-352E648B6581}
		{90FF4220-1CAE-4CCA-BBF6-7AAAED069F03} = {70851749-ABB7-40AA-88DB-352E648B6581}
		{E1F1261F-DA95-41BD-80C1-60FBE0D37D22} = {70851749-ABB7-40AA-88DB-352E648B6581}
		{EC395254-405B-4030-92CE-E346CC50848D} = {70851749-ABB7-40AA-88DB-352E648B6581}
		{16778681-DAB8-46A4-89F6-927796467995} = {70851749-ABB7-40AA-88DB-352E648B6581}
		{6F6F8E5B-53CA-4C9F-A696-96AA9B8FB128} = {70851749-ABB7-40AA-88DB-352E648B6581}
		{8AA00D65-0954-4A27-AC0D-FB8B1106120F} = {70851749-ABB7-40AA-88DB-352E648B6581}
		{2C96A7F2-B1A3-4258-8E0A-E588FF41A53E} = {70851749-ABB7-40AA-88DB-352E648B6581}
		{E1F1261F-DA95-41BD-81C1-61FBE1D37D22} = {70851749-ABB7-40AA-88DB-352E648B6581}
		{A002361E-37F9-4124-AF82-CF0D393CB928} = {70851749-ABB7-40AA-88DB-352E648B6581}
		{39369368-5603-46DA-BAAE-766BB3CB2B51} = {70851749-ABB7-40AA-88DB-352E648B6581}
		{C2F959B1-1727-4598-9C32-3D9ACCE72750} = {70851749-ABB7-40AA-88DB-352E648B6581}
	EndGlobalSection
	GlobalSection(SolutionProperties) = preSolution
		HideSolutionNode = FALSE
	EndGlobalSection
EndGlobal
