
Microsoft Visual Studio Solution File, Format Version 12.00
# Visual Studio 14
VisualStudioVersion = 14.0.25420.1
MinimumVisualStudioVersion = 10.0.40219.1
Project("{FAE04EC0-301F-11D3-BF4B-00C04F79EFBC}") = "UnrealVS", "UnrealVS.csproj", "{C0EE3E23-0255-4D0E-9369-82247AD5E2DD}"
EndProject
Global
	GlobalSection(SolutionConfigurationPlatforms) = preSolution
		VS14 Debug|Any CPU = VS14 Debug|Any CPU
		VS14 Release|Any CPU = VS14 Release|Any CPU
	EndGlobalSection
	GlobalSection(ProjectConfigurationPlatforms) = postSolution
		{C0EE3E23-0255-4D0E-9369-82247AD5E2DD}.VS14 Debug|Any CPU.ActiveCfg = VS14d|Any CPU
		{C0EE3E23-0255-4D0E-9369-82247AD5E2DD}.VS14 Debug|Any CPU.Build.0 = VS14d|Any CPU
		{C0EE3E23-0255-4D0E-9369-82247AD5E2DD}.VS14 Release|Any CPU.ActiveCfg = VS14|Any CPU
		{C0EE3E23-0255-4D0E-9369-82247AD5E2DD}.VS14 Release|Any CPU.Build.0 = VS14|Any CPU
	EndGlobalSection
	GlobalSection(SolutionProperties) = preSolution
		HideSolutionNode = FALSE
	EndGlobalSection
EndGlobal
