
Microsoft Visual Studio Solution File, Format Version 12.00
# Visual Studio 15
VisualStudioVersion = 15.0.25618.0
MinimumVisualStudioVersion = 10.0.40219.1
Project("{FAE04EC0-301F-11D3-BF4B-00C04F79EFBC}") = "UnrealVS_2017", "UnrealVS_2017.csproj", "{C0EE3E24-0255-4D0E-9369-82247AD5E2DD}"
EndProject
Global
	GlobalSection(SolutionConfigurationPlatforms) = preSolution
		VS15 Debug|Any CPU = VS15 Debug|Any CPU
		VS15 Release|Any CPU = VS15 Release|Any CPU
	EndGlobalSection
	GlobalSection(ProjectConfigurationPlatforms) = postSolution
		{C0EE3E24-0255-4D0E-9369-82247AD5E2DD}.VS15 Debug|Any CPU.ActiveCfg = VS15d|Any CPU
		{C0EE3E24-0255-4D0E-9369-82247AD5E2DD}.VS15 Debug|Any CPU.Build.0 = VS15d|Any CPU
		{C0EE3E24-0255-4D0E-9369-82247AD5E2DD}.VS15 Release|Any CPU.ActiveCfg = VS15|Any CPU
		{C0EE3E24-0255-4D0E-9369-82247AD5E2DD}.VS15 Release|Any CPU.Build.0 = VS15|Any CPU
	EndGlobalSection
	GlobalSection(SolutionProperties) = preSolution
		HideSolutionNode = FALSE
	EndGlobalSection
EndGlobal
