
Microsoft Visual Studio Solution File, Format Version 12.00
# Visual Studio 14
VisualStudioVersion = 14.0.25123.0
MinimumVisualStudioVersion = 10.0.40219.1
Project("{FAE04EC0-301F-11D3-BF4B-00C04F79EFBC}") = "UnrealGameSync", "UnrealGameSync\UnrealGameSync.csproj", "{94DC470D-5944-4899-A646-299F5E605A1D}"
EndProject
Project("{FAE04EC0-301F-11D3-BF4B-00C04F79EFBC}") = "UnrealGameSyncLauncher", "UnrealGameSyncLauncher\UnrealGameSyncLauncher.csproj", "{28679228-7901-4740-88EE-4DCB2D6A7535}"
EndProject
Project("{930C7802-8A8C-48F9-8165-68863BCCD9DD}") = "Installer", "Installer\Installer.wixproj", "{E079DDCE-0C52-4E9A-AEC5-CE425AD9874B}"
EndProject
Project("{FAE04EC0-301F-11D3-BF4B-00C04F79EFBC}") = "InstallerCustomAction", "InstallerCustomAction\InstallerCustomAction.csproj", "{0B0C6CA3-8C64-4E6B-801F-98E66EFC0BF1}"
EndProject
Project("{2150E333-8FDC-42A3-9474-1A3956D46DE8}") = "Solution Items", "Solution Items", "{E73636DC-4EAE-45E2-B87F-60CA96C72275}"
	ProjectSection(SolutionItems) = preProject
		Deployment.txt = Deployment.txt
	EndProjectSection
EndProject
Project("{FAE04EC0-301F-11D3-BF4B-00C04F79EFBC}") = "PostBadgeStatus", "PostBadgeStatus\PostBadgeStatus.csproj", "{DCBE3437-5DBF-41B4-B854-967BC0C93C48}"
EndProject
Global
	GlobalSection(SolutionConfigurationPlatforms) = preSolution
		Debug|Any CPU = Debug|Any CPU
		Debug|Mixed Platforms = Debug|Mixed Platforms
		Debug|x86 for Design View = Debug|x86 for Design View
		Release|Any CPU = Release|Any CPU
		Release|Mixed Platforms = Release|Mixed Platforms
		Release|x86 for Design View = Release|x86 for Design View
	EndGlobalSection
	GlobalSection(ProjectConfigurationPlatforms) = postSolution
		{94DC470D-5944-4899-A646-299F5E605A1D}.Debug|Any CPU.ActiveCfg = Debug|x86
		{94DC470D-5944-4899-A646-299F5E605A1D}.Debug|Mixed Platforms.ActiveCfg = Debug|x64
		{94DC470D-5944-4899-A646-299F5E605A1D}.Debug|Mixed Platforms.Build.0 = Debug|x64
		{94DC470D-5944-4899-A646-299F5E605A1D}.Debug|x86 for Design View.ActiveCfg = Debug|x86
		{94DC470D-5944-4899-A646-299F5E605A1D}.Debug|x86 for Design View.Build.0 = Debug|x86
		{94DC470D-5944-4899-A646-299F5E605A1D}.Release|Any CPU.ActiveCfg = Release|x86
		{94DC470D-5944-4899-A646-299F5E605A1D}.Release|Mixed Platforms.ActiveCfg = Release|x64
		{94DC470D-5944-4899-A646-299F5E605A1D}.Release|Mixed Platforms.Build.0 = Release|x64
		{94DC470D-5944-4899-A646-299F5E605A1D}.Release|x86 for Design View.ActiveCfg = Release|x86
		{94DC470D-5944-4899-A646-299F5E605A1D}.Release|x86 for Design View.Build.0 = Release|x86
		{28679228-7901-4740-88EE-4DCB2D6A7535}.Debug|Any CPU.ActiveCfg = Debug|x86
		{28679228-7901-4740-88EE-4DCB2D6A7535}.Debug|Mixed Platforms.ActiveCfg = Debug|x64
		{28679228-7901-4740-88EE-4DCB2D6A7535}.Debug|Mixed Platforms.Build.0 = Debug|x64
		{28679228-7901-4740-88EE-4DCB2D6A7535}.Debug|x86 for Design View.ActiveCfg = Debug|x86
		{28679228-7901-4740-88EE-4DCB2D6A7535}.Debug|x86 for Design View.Build.0 = Debug|x86
		{28679228-7901-4740-88EE-4DCB2D6A7535}.Release|Any CPU.ActiveCfg = Release|x86
		{28679228-7901-4740-88EE-4DCB2D6A7535}.Release|Mixed Platforms.ActiveCfg = Release|x64
		{28679228-7901-4740-88EE-4DCB2D6A7535}.Release|Mixed Platforms.Build.0 = Release|x64
		{28679228-7901-4740-88EE-4DCB2D6A7535}.Release|x86 for Design View.ActiveCfg = Release|x86
		{28679228-7901-4740-88EE-4DCB2D6A7535}.Release|x86 for Design View.Build.0 = Release|x86
		{E079DDCE-0C52-4E9A-AEC5-CE425AD9874B}.Debug|Any CPU.ActiveCfg = Debug|x86
		{E079DDCE-0C52-4E9A-AEC5-CE425AD9874B}.Debug|Mixed Platforms.ActiveCfg = Debug|x86
		{E079DDCE-0C52-4E9A-AEC5-CE425AD9874B}.Debug|Mixed Platforms.Build.0 = Debug|x86
		{E079DDCE-0C52-4E9A-AEC5-CE425AD9874B}.Debug|x86 for Design View.ActiveCfg = Debug|x86
		{E079DDCE-0C52-4E9A-AEC5-CE425AD9874B}.Debug|x86 for Design View.Build.0 = Debug|x86
		{E079DDCE-0C52-4E9A-AEC5-CE425AD9874B}.Release|Any CPU.ActiveCfg = Release|x86
		{E079DDCE-0C52-4E9A-AEC5-CE425AD9874B}.Release|Mixed Platforms.ActiveCfg = Release|x86
		{E079DDCE-0C52-4E9A-AEC5-CE425AD9874B}.Release|Mixed Platforms.Build.0 = Release|x86
		{E079DDCE-0C52-4E9A-AEC5-CE425AD9874B}.Release|x86 for Design View.ActiveCfg = Release|x86
		{E079DDCE-0C52-4E9A-AEC5-CE425AD9874B}.Release|x86 for Design View.Build.0 = Release|x86
		{0B0C6CA3-8C64-4E6B-801F-98E66EFC0BF1}.Debug|Any CPU.ActiveCfg = Debug|x86
		{0B0C6CA3-8C64-4E6B-801F-98E66EFC0BF1}.Debug|Mixed Platforms.ActiveCfg = Debug|x86
		{0B0C6CA3-8C64-4E6B-801F-98E66EFC0BF1}.Debug|Mixed Platforms.Build.0 = Debug|x86
		{0B0C6CA3-8C64-4E6B-801F-98E66EFC0BF1}.Debug|x86 for Design View.ActiveCfg = Debug|x86
		{0B0C6CA3-8C64-4E6B-801F-98E66EFC0BF1}.Debug|x86 for Design View.Build.0 = Debug|x86
		{0B0C6CA3-8C64-4E6B-801F-98E66EFC0BF1}.Release|Any CPU.ActiveCfg = Release|x86
		{0B0C6CA3-8C64-4E6B-801F-98E66EFC0BF1}.Release|Mixed Platforms.ActiveCfg = Release|x86
		{0B0C6CA3-8C64-4E6B-801F-98E66EFC0BF1}.Release|Mixed Platforms.Build.0 = Release|x86
		{0B0C6CA3-8C64-4E6B-801F-98E66EFC0BF1}.Release|x86 for Design View.ActiveCfg = Release|x86
		{0B0C6CA3-8C64-4E6B-801F-98E66EFC0BF1}.Release|x86 for Design View.Build.0 = Release|x86
		{DCBE3437-5DBF-41B4-B854-967BC0C93C48}.Debug|Any CPU.ActiveCfg = Debug|Any CPU
		{DCBE3437-5DBF-41B4-B854-967BC0C93C48}.Debug|Any CPU.Build.0 = Debug|Any CPU
		{DCBE3437-5DBF-41B4-B854-967BC0C93C48}.Debug|Mixed Platforms.ActiveCfg = Debug|Any CPU
		{DCBE3437-5DBF-41B4-B854-967BC0C93C48}.Debug|Mixed Platforms.Build.0 = Debug|Any CPU
		{DCBE3437-5DBF-41B4-B854-967BC0C93C48}.Debug|x86 for Design View.ActiveCfg = Debug|Any CPU
		{DCBE3437-5DBF-41B4-B854-967BC0C93C48}.Debug|x86 for Design View.Build.0 = Debug|Any CPU
		{DCBE3437-5DBF-41B4-B854-967BC0C93C48}.Release|Any CPU.ActiveCfg = Release|Any CPU
		{DCBE3437-5DBF-41B4-B854-967BC0C93C48}.Release|Any CPU.Build.0 = Release|Any CPU
		{DCBE3437-5DBF-41B4-B854-967BC0C93C48}.Release|Mixed Platforms.ActiveCfg = Release|Any CPU
		{DCBE3437-5DBF-41B4-B854-967BC0C93C48}.Release|Mixed Platforms.Build.0 = Release|Any CPU
		{DCBE3437-5DBF-41B4-B854-967BC0C93C48}.Release|x86 for Design View.ActiveCfg = Release|Any CPU
		{DCBE3437-5DBF-41B4-B854-967BC0C93C48}.Release|x86 for Design View.Build.0 = Release|Any CPU
	EndGlobalSection
	GlobalSection(SolutionProperties) = preSolution
		HideSolutionNode = FALSE
	EndGlobalSection
EndGlobal
